
Microsoft Visual Studio Solution File, Format Version 12.00
# Visual Studio Version 16
VisualStudioVersion = 16.0.29503.13
MinimumVisualStudioVersion = 10.0.40219.1
Project("{FAE04EC0-301F-11D3-BF4B-00C04F79EFBC}") = "ProgramSelection", "ProgramSelection\ProgramSelection.csproj", "{316E1647-F723-464F-A9F9-79E922C087A0}"
EndProject
Project("{FAE04EC0-301F-11D3-BF4B-00C04F79EFBC}") = "ApplicationManagement", "ApplicationManagement\ApplicationManagement.csproj", "{A5B4616F-4E61-466F-B663-2227B0C4DC5B}"
EndProject
Project("{FAE04EC0-301F-11D3-BF4B-00C04F79EFBC}") = "GatewayApi", "GatewayApi\GatewayApi.csproj", "{2C65D730-B538-470F-B22C-D34A9011C83B}"
EndProject
Project("{2150E333-8FDC-42A3-9474-1A3956D46DE8}") = "Solution Items", "Solution Items", "{33DD1A59-CA2E-4004-BE7F-42636575AA14}"
	ProjectSection(SolutionItems) = preProject
		docker-compose.yml = docker-compose.yml
	EndProjectSection
EndProject
Project("{FAE04EC0-301F-11D3-BF4B-00C04F79EFBC}") = "Gateway", "Gateway\Gateway.csproj", "{F81C7A69-51B5-4102-A259-19BA9512A824}"
EndProject
Global
	GlobalSection(SolutionConfigurationPlatforms) = preSolution
		Debug|Any CPU = Debug|Any CPU
		Release|Any CPU = Release|Any CPU
	EndGlobalSection
	GlobalSection(ProjectConfigurationPlatforms) = postSolution
		{316E1647-F723-464F-A9F9-79E922C087A0}.Debug|Any CPU.ActiveCfg = Debug|Any CPU
		{316E1647-F723-464F-A9F9-79E922C087A0}.Debug|Any CPU.Build.0 = Debug|Any CPU
		{316E1647-F723-464F-A9F9-79E922C087A0}.Release|Any CPU.ActiveCfg = Release|Any CPU
		{316E1647-F723-464F-A9F9-79E922C087A0}.Release|Any CPU.Build.0 = Release|Any CPU
		{A5B4616F-4E61-466F-B663-2227B0C4DC5B}.Debug|Any CPU.ActiveCfg = Debug|Any CPU
		{A5B4616F-4E61-466F-B663-2227B0C4DC5B}.Debug|Any CPU.Build.0 = Debug|Any CPU
		{A5B4616F-4E61-466F-B663-2227B0C4DC5B}.Release|Any CPU.ActiveCfg = Release|Any CPU
		{A5B4616F-4E61-466F-B663-2227B0C4DC5B}.Release|Any CPU.Build.0 = Release|Any CPU
		{2C65D730-B538-470F-B22C-D34A9011C83B}.Debug|Any CPU.ActiveCfg = Debug|Any CPU
		{2C65D730-B538-470F-B22C-D34A9011C83B}.Debug|Any CPU.Build.0 = Debug|Any CPU
		{2C65D730-B538-470F-B22C-D34A9011C83B}.Release|Any CPU.ActiveCfg = Release|Any CPU
		{2C65D730-B538-470F-B22C-D34A9011C83B}.Release|Any CPU.Build.0 = Release|Any CPU
		{F81C7A69-51B5-4102-A259-19BA9512A824}.Debug|Any CPU.ActiveCfg = Debug|Any CPU
		{F81C7A69-51B5-4102-A259-19BA9512A824}.Debug|Any CPU.Build.0 = Debug|Any CPU
		{F81C7A69-51B5-4102-A259-19BA9512A824}.Release|Any CPU.ActiveCfg = Release|Any CPU
		{F81C7A69-51B5-4102-A259-19BA9512A824}.Release|Any CPU.Build.0 = Release|Any CPU
	EndGlobalSection
	GlobalSection(SolutionProperties) = preSolution
		HideSolutionNode = FALSE
	EndGlobalSection
	GlobalSection(ExtensibilityGlobals) = postSolution
		SolutionGuid = {70C774B9-FD34-415B-86DE-ECAB62F263BA}
	EndGlobalSection
EndGlobal
